<Solution>
  <Configurations>
    <Platform Name="Any CPU" />
    <Platform Name="x64" />
    <Platform Name="x86" />
  </Configurations>
  <Folder Name="/src/">
    <Project Path="src/Instapaper.Mcp.Server/Instapaper.Mcp.Server.csproj" />
  </Folder>
  <Folder Name="/tests/">
    <Project Path="tests/Instapaper.Mcp.Server.Tests/Instapaper.Mcp.Server.Tests.csproj" />
  </Folder>
</Solution>
